
Microsoft Visual Studio Solution File, Format Version 12.00
# Visual Studio 2013
VisualStudioVersion = 12.0.21005.1
MinimumVisualStudioVersion = 10.0.40219.1
Project("{FAE04EC0-301F-11D3-BF4B-00C04F79EFBC}") = "SportsStore.Domain", "SportsStore.Domain\SportsStore.Domain.csproj", "{297EC29D-8B09-4B96-A7F6-2F6A635227B5}"
EndProject
Project("{FAE04EC0-301F-11D3-BF4B-00C04F79EFBC}") = "SportsStore.WebUI", "SportsStore.WebUI\SportsStore.WebUI.csproj", "{A9502845-8C5C-4CBC-9E49-80F15543E7D9}"
EndProject
Global
	GlobalSection(SolutionConfigurationPlatforms) = preSolution
		Debug|Any CPU = Debug|Any CPU
		Release|Any CPU = Release|Any CPU
	EndGlobalSection
	GlobalSection(ProjectConfigurationPlatforms) = postSolution
		{297EC29D-8B09-4B96-A7F6-2F6A635227B5}.Debug|Any CPU.ActiveCfg = Debug|Any CPU
		{297EC29D-8B09-4B96-A7F6-2F6A635227B5}.Debug|Any CPU.Build.0 = Debug|Any CPU
		{297EC29D-8B09-4B96-A7F6-2F6A635227B5}.Release|Any CPU.ActiveCfg = Release|Any CPU
		{297EC29D-8B09-4B96-A7F6-2F6A635227B5}.Release|Any CPU.Build.0 = Release|Any CPU
		{A9502845-8C5C-4CBC-9E49-80F15543E7D9}.Debug|Any CPU.ActiveCfg = Debug|Any CPU
		{A9502845-8C5C-4CBC-9E49-80F15543E7D9}.Debug|Any CPU.Build.0 = Debug|Any CPU
		{A9502845-8C5C-4CBC-9E49-80F15543E7D9}.Release|Any CPU.ActiveCfg = Release|Any CPU
		{A9502845-8C5C-4CBC-9E49-80F15543E7D9}.Release|Any CPU.Build.0 = Release|Any CPU
	EndGlobalSection
	GlobalSection(SolutionProperties) = preSolution
		HideSolutionNode = FALSE
	EndGlobalSection
EndGlobal
